// !$*UTF8*$!
{
	archiveVersion = 1;
	classes = {
	};
	objectVersion = 56;
	objects = {

/* Begin PBXBuildFile section */
		43F6C4432B4125700058819C /* Process.cpp in Sources */ = {isa = PBXBuildFile; fileRef = 43F6C43A2B4125700058819C /* Process.cpp */; };
		43F6C4442B4125700058819C /* RAM.cpp in Sources */ = {isa = PBXBuildFile; fileRef = 43F6C43C2B4125700058819C /* RAM.cpp */; };
		43F6C4452B4125700058819C /* SimulatedOS.cpp in Sources */ = {isa = PBXBuildFile; fileRef = 43F6C43D2B4125700058819C /* SimulatedOS.cpp */; };
		43F6C4462B4125700058819C /* Disks.cpp in Sources */ = {isa = PBXBuildFile; fileRef = 43F6C43E2B4125700058819C /* Disks.cpp */; };
		43F6C4472B4125700058819C /* main.cpp in Sources */ = {isa = PBXBuildFile; fileRef = 43F6C4422B4125700058819C /* main.cpp */; };
/* End PBXBuildFile section */

/* Begin PBXCopyFilesBuildPhase section */
		43F6C42E2B4125420058819C /* CopyFiles */ = {
			isa = PBXCopyFilesBuildPhase;
			buildActionMask = 2147483647;
			dstPath = /usr/share/man/man1/;
			dstSubfolderSpec = 0;
			files = (
			);
			runOnlyForDeploymentPostprocessing = 1;
		};
/* End PBXCopyFilesBuildPhase section */

/* Begin PBXFileReference section */
		43F6C4302B4125420058819C /* cpuSimulator */ = {isa = PBXFileReference; explicitFileType = "compiled.mach-o.executable"; includeInIndex = 0; path = cpuSimulator; sourceTree = BUILT_PRODUCTS_DIR; };
		43F6C43A2B4125700058819C /* Process.cpp */ = {isa = PBXFileReference; fileEncoding = 4; lastKnownFileType = sourcecode.cpp.cpp; path = Process.cpp; sourceTree = "<group>"; };
		43F6C43B2B4125700058819C /* RAM.h */ = {isa = PBXFileReference; fileEncoding = 4; lastKnownFileType = sourcecode.c.h; path = RAM.h; sourceTree = "<group>"; };
		43F6C43C2B4125700058819C /* RAM.cpp */ = {isa = PBXFileReference; fileEncoding = 4; lastKnownFileType = sourcecode.cpp.cpp; path = RAM.cpp; sourceTree = "<group>"; };
		43F6C43D2B4125700058819C /* SimulatedOS.cpp */ = {isa = PBXFileReference; fileEncoding = 4; lastKnownFileType = sourcecode.cpp.cpp; path = SimulatedOS.cpp; sourceTree = "<group>"; };
		43F6C43E2B4125700058819C /* Disks.cpp */ = {isa = PBXFileReference; fileEncoding = 4; lastKnownFileType = sourcecode.cpp.cpp; path = Disks.cpp; sourceTree = "<group>"; };
		43F6C43F2B4125700058819C /* Disks.h */ = {isa = PBXFileReference; fileEncoding = 4; lastKnownFileType = sourcecode.c.h; path = Disks.h; sourceTree = "<group>"; };
		43F6C4402B4125700058819C /* Process.h */ = {isa = PBXFileReference; fileEncoding = 4; lastKnownFileType = sourcecode.c.h; path = Process.h; sourceTree = "<group>"; };
		43F6C4412B4125700058819C /* SimulatedOS.h */ = {isa = PBXFileReference; fileEncoding = 4; lastKnownFileType = sourcecode.c.h; path = SimulatedOS.h; sourceTree = "<group>"; };
		43F6C4422B4125700058819C /* main.cpp */ = {isa = PBXFileReference; fileEncoding = 4; lastKnownFileType = sourcecode.cpp.cpp; path = main.cpp; sourceTree = "<group>"; };
/* End PBXFileReference section */

/* Begin PBXFrameworksBuildPhase section */
		43F6C42D2B4125420058819C /* Frameworks */ = {
			isa = PBXFrameworksBuildPhase;
			buildActionMask = 2147483647;
			files = (
			);
			runOnlyForDeploymentPostprocessing = 0;
		};
/* End PBXFrameworksBuildPhase section */

/* Begin PBXGroup section */
		43F6C4272B4125420058819C = {
			isa = PBXGroup;
			children = (
				43F6C4322B4125420058819C /* cpuSimulator */,
				43F6C4312B4125420058819C /* Products */,
			);
			sourceTree = "<group>";
		};
		43F6C4312B4125420058819C /* Products */ = {
			isa = PBXGroup;
			children = (
				43F6C4302B4125420058819C /* cpuSimulator */,
			);
			name = Products;
			sourceTree = "<group>";
		};
		43F6C4322B4125420058819C /* cpuSimulator */ = {
			isa = PBXGroup;
			children = (
				43F6C43E2B4125700058819C /* Disks.cpp */,
				43F6C43F2B4125700058819C /* Disks.h */,
				43F6C4422B4125700058819C /* main.cpp */,
				43F6C43A2B4125700058819C /* Process.cpp */,
				43F6C4402B4125700058819C /* Process.h */,
				43F6C43C2B4125700058819C /* RAM.cpp */,
				43F6C43B2B4125700058819C /* RAM.h */,
				43F6C43D2B4125700058819C /* SimulatedOS.cpp */,
				43F6C4412B4125700058819C /* SimulatedOS.h */,
			);
			path = cpuSimulator;
			sourceTree = "<group>";
		};
/* End PBXGroup section */

/* Begin PBXNativeTarget section */
		43F6C42F2B4125420058819C /* cpuSimulator */ = {
			isa = PBXNativeTarget;
			buildConfigurationList = 43F6C4372B4125420058819C /* Build configuration list for PBXNativeTarget "cpuSimulator" */;
			buildPhases = (
				43F6C42C2B4125420058819C /* Sources */,
				43F6C42D2B4125420058819C /* Frameworks */,
				43F6C42E2B4125420058819C /* CopyFiles */,
			);
			buildRules = (
			);
			dependencies = (
			);
			name = cpuSimulator;
			productName = cpuSimulator;
			productReference = 43F6C4302B4125420058819C /* cpuSimulator */;
			productType = "com.apple.product-type.tool";
		};
/* End PBXNativeTarget section */

/* Begin PBXProject section */
		43F6C4282B4125420058819C /* Project object */ = {
			isa = PBXProject;
			attributes = {
				BuildIndependentTargetsInParallel = 1;
				LastUpgradeCheck = 1420;
				TargetAttributes = {
					43F6C42F2B4125420058819C = {
						CreatedOnToolsVersion = 14.2;
					};
				};
			};
			buildConfigurationList = 43F6C42B2B4125420058819C /* Build configuration list for PBXProject "cpuSimulator" */;
			compatibilityVersion = "Xcode 14.0";
			developmentRegion = en;
			hasScannedForEncodings = 0;
			knownRegions = (
				en,
				Base,
			);
			mainGroup = 43F6C4272B4125420058819C;
			productRefGroup = 43F6C4312B4125420058819C /* Products */;
			projectDirPath = "";
			projectRoot = "";
			targets = (
				43F6C42F2B4125420058819C /* cpuSimulator */,
			);
		};
/* End PBXProject section */

/* Begin PBXSourcesBuildPhase section */
		43F6C42C2B4125420058819C /* Sources */ = {
			isa = PBXSourcesBuildPhase;
			buildActionMask = 2147483647;
			files = (
				43F6C4462B4125700058819C /* Disks.cpp in Sources */,
				43F6C4452B4125700058819C /* SimulatedOS.cpp in Sources */,
				43F6C4442B4125700058819C /* RAM.cpp in Sources */,
				43F6C4472B4125700058819C /* main.cpp in Sources */,
				43F6C4432B4125700058819C /* Process.cpp in Sources */,
			);
			runOnlyForDeploymentPostprocessing = 0;
		};
/* End PBXSourcesBuildPhase section */

/* Begin XCBuildConfiguration section */
		43F6C4352B4125420058819C /* Debug */ = {
			isa = XCBuildConfiguration;
			buildSettings = {
				ALWAYS_SEARCH_USER_PATHS = NO;
				CLANG_ANALYZER_NONNULL = YES;
				CLANG_ANALYZER_NUMBER_OBJECT_CONVERSION = YES_AGGRESSIVE;
				CLANG_CXX_LANGUAGE_STANDARD = "gnu++20";
				CLANG_ENABLE_MODULES = YES;
				CLANG_ENABLE_OBJC_ARC = YES;
				CLANG_ENABLE_OBJC_WEAK = YES;
				CLANG_WARN_BLOCK_CAPTURE_AUTORELEASING = YES;
				CLANG_WARN_BOOL_CONVERSION = YES;
				CLANG_WARN_COMMA = YES;
				CLANG_WARN_CONSTANT_CONVERSION = YES;
				CLANG_WARN_DEPRECATED_OBJC_IMPLEMENTATIONS = YES;
				CLANG_WARN_DIRECT_OBJC_ISA_USAGE = YES_ERROR;
				CLANG_WARN_DOCUMENTATION_COMMENTS = YES;
				CLANG_WARN_EMPTY_BODY = YES;
				CLANG_WARN_ENUM_CONVERSION = YES;
				CLANG_WARN_INFINITE_RECURSION = YES;
				CLANG_WARN_INT_CONVERSION = YES;
				CLANG_WARN_NON_LITERAL_NULL_CONVERSION = YES;
				CLANG_WARN_OBJC_IMPLICIT_RETAIN_SELF = YES;
				CLANG_WARN_OBJC_LITERAL_CONVERSION = YES;
				CLANG_WARN_OBJC_ROOT_CLASS = YES_ERROR;
				CLANG_WARN_QUOTED_INCLUDE_IN_FRAMEWORK_HEADER = YES;
				CLANG_WARN_RANGE_LOOP_ANALYSIS = YES;
				CLANG_WARN_STRICT_PROTOTYPES = YES;
				CLANG_WARN_SUSPICIOUS_MOVE = YES;
				CLANG_WARN_UNGUARDED_AVAILABILITY = YES_AGGRESSIVE;
				CLANG_WARN_UNREACHABLE_CODE = YES;
				CLANG_WARN__DUPLICATE_METHOD_MATCH = YES;
				COPY_PHASE_STRIP = NO;
				DEBUG_INFORMATION_FORMAT = dwarf;
				ENABLE_STRICT_OBJC_MSGSEND = YES;
				ENABLE_TESTABILITY = YES;
				GCC_C_LANGUAGE_STANDARD = gnu11;
				GCC_DYNAMIC_NO_PIC = NO;
				GCC_NO_COMMON_BLOCKS = YES;
				GCC_OPTIMIZATION_LEVEL = 0;
				GCC_PREPROCESSOR_DEFINITIONS = (
					"DEBUG=1",
					"$(inherited)",
				);
				GCC_WARN_64_TO_32_BIT_CONVERSION = YES;
				GCC_WARN_ABOUT_RETURN_TYPE = YES_ERROR;
				GCC_WARN_UNDECLARED_SELECTOR = YES;
				GCC_WARN_UNINITIALIZED_AUTOS = YES_AGGRESSIVE;
				GCC_WARN_UNUSED_FUNCTION = YES;
				GCC_WARN_UNUSED_VARIABLE = YES;
				MACOSX_DEPLOYMENT_TARGET = 13.1;
				MTL_ENABLE_DEBUG_INFO = INCLUDE_SOURCE;
				MTL_FAST_MATH = YES;
				ONLY_ACTIVE_ARCH = YES;
				SDKROOT = macosx;
			};
			name = Debug;
		};
		43F6C4362B4125420058819C /* Release */ = {
			isa = XCBuildConfiguration;
			buildSettings = {
				ALWAYS_SEARCH_USER_PATHS = NO;
				CLANG_ANALYZER_NONNULL = YES;
				CLANG_ANALYZER_NUMBER_OBJECT_CONVERSION = YES_AGGRESSIVE;
				CLANG_CXX_LANGUAGE_STANDARD = "gnu++20";
				CLANG_ENABLE_MODULES = YES;
				CLANG_ENABLE_OBJC_ARC = YES;
				CLANG_ENABLE_OBJC_WEAK = YES;
				CLANG_WARN_BLOCK_CAPTURE_AUTORELEASING = YES;
				CLANG_WARN_BOOL_CONVERSION = YES;
				CLANG_WARN_COMMA = YES;
				CLANG_WARN_CONSTANT_CONVERSION = YES;
				CLANG_WARN_DEPRECATED_OBJC_IMPLEMENTATIONS = YES;
				CLANG_WARN_DIRECT_OBJC_ISA_USAGE = YES_ERROR;
				CLANG_WARN_DOCUMENTATION_COMMENTS = YES;
				CLANG_WARN_EMPTY_BODY = YES;
				CLANG_WARN_ENUM_CONVERSION = YES;
				CLANG_WARN_INFINITE_RECURSION = YES;
				CLANG_WARN_INT_CONVERSION = YES;
				CLANG_WARN_NON_LITERAL_NULL_CONVERSION = YES;
				CLANG_WARN_OBJC_IMPLICIT_RETAIN_SELF = YES;
				CLANG_WARN_OBJC_LITERAL_CONVERSION = YES;
				CLANG_WARN_OBJC_ROOT_CLASS = YES_ERROR;
				CLANG_WARN_QUOTED_INCLUDE_IN_FRAMEWORK_HEADER = YES;
				CLANG_WARN_RANGE_LOOP_ANALYSIS = YES;
				CLANG_WARN_STRICT_PROTOTYPES = YES;
				CLANG_WARN_SUSPICIOUS_MOVE = YES;
				CLANG_WARN_UNGUARDED_AVAILABILITY = YES_AGGRESSIVE;
				CLANG_WARN_UNREACHABLE_CODE = YES;
				CLANG_WARN__DUPLICATE_METHOD_MATCH = YES;
				COPY_PHASE_STRIP = NO;
				DEBUG_INFORMATION_FORMAT = "dwarf-with-dsym";
				ENABLE_NS_ASSERTIONS = NO;
				ENABLE_STRICT_OBJC_MSGSEND = YES;
				GCC_C_LANGUAGE_STANDARD = gnu11;
				GCC_NO_COMMON_BLOCKS = YES;
				GCC_WARN_64_TO_32_BIT_CONVERSION = YES;
				GCC_WARN_ABOUT_RETURN_TYPE = YES_ERROR;
				GCC_WARN_UNDECLARED_SELECTOR = YES;
				GCC_WARN_UNINITIALIZED_AUTOS = YES_AGGRESSIVE;
				GCC_WARN_UNUSED_FUNCTION = YES;
				GCC_WARN_UNUSED_VARIABLE = YES;
				MACOSX_DEPLOYMENT_TARGET = 13.1;
				MTL_ENABLE_DEBUG_INFO = NO;
				MTL_FAST_MATH = YES;
				SDKROOT = macosx;
			};
			name = Release;
		};
		43F6C4382B4125420058819C /* Debug */ = {
			isa = XCBuildConfiguration;
			buildSettings = {
				CODE_SIGN_STYLE = Automatic;
				PRODUCT_NAME = "$(TARGET_NAME)";
			};
			name = Debug;
		};
		43F6C4392B4125420058819C /* Release */ = {
			isa = XCBuildConfiguration;
			buildSettings = {
				CODE_SIGN_STYLE = Automatic;
				PRODUCT_NAME = "$(TARGET_NAME)";
			};
			name = Release;
		};
/* End XCBuildConfiguration section */

/* Begin XCConfigurationList section */
		43F6C42B2B4125420058819C /* Build configuration list for PBXProject "cpuSimulator" */ = {
			isa = XCConfigurationList;
			buildConfigurations = (
				43F6C4352B4125420058819C /* Debug */,
				43F6C4362B4125420058819C /* Release */,
			);
			defaultConfigurationIsVisible = 0;
			defaultConfigurationName = Release;
		};
		43F6C4372B4125420058819C /* Build configuration list for PBXNativeTarget "cpuSimulator" */ = {
			isa = XCConfigurationList;
			buildConfigurations = (
				43F6C4382B4125420058819C /* Debug */,
				43F6C4392B4125420058819C /* Release */,
			);
			defaultConfigurationIsVisible = 0;
			defaultConfigurationName = Release;
		};
/* End XCConfigurationList section */
	};
	rootObject = 43F6C4282B4125420058819C /* Project object */;
}
